Microsoft Visual Studio Solution File, Format Version 12.00
# Visual Studio Version 17
VisualStudioVersion = 17.5.2.0
MinimumVisualStudioVersion = 10.0.40219.1
Project("{FAE04EC0-301F-11D3-BF4B-00C04F79EFBC}") = "ALogView", "ALogView.csproj", "{9704CF99-5B62-C6D6-4C8A-1253DE4585DE}"
EndProject
Global
	GlobalSection(SolutionConfigurationPlatforms) = preSolution
		Debug|Any CPU = Debug|Any CPU
		Release|Any CPU = Release|Any CPU
	EndGlobalSection
	GlobalSection(ProjectConfigurationPlatforms) = postSolution
		{9704CF99-5B62-C6D6-4C8A-1253DE4585DE}.Debug|Any CPU.ActiveCfg = Debug|Any CPU
		{9704CF99-5B62-C6D6-4C8A-1253DE4585DE}.Debug|Any CPU.Build.0 = Debug|Any CPU
		{9704CF99-5B62-C6D6-4C8A-1253DE4585DE}.Release|Any CPU.ActiveCfg = Release|Any CPU
		{9704CF99-5B62-C6D6-4C8A-1253DE4585DE}.Release|Any CPU.Build.0 = Release|Any CPU
	EndGlobalSection
	GlobalSection(SolutionProperties) = preSolution
		HideSolutionNode = FALSE
	EndGlobalSection
	GlobalSection(ExtensibilityGlobals) = postSolution
		SolutionGuid = {3B676DC4-213E-4FF0-8F4D-782C940ECD35}
	EndGlobalSection
EndGlobal
